github.com/davecgh/go-spew v1.1.1/go.mod h1:J7Y8YcW2NihsgmVo/mv3lAwl/skON4iLHjSsI+c5H38=
github.com/go-redis/redis v6.15.2+incompatible h1:9SpNVG76gr6InJGxoZ6IuuxaCOQwDAhzyXg+Bs+0Sb4=
github.com/go-redis/redis v6.15.2+incompatible/go.mod h1:NAIEuMOZ/fxfXJIrKDQDz8wamY7mA7PouImQ2Jvg6kA=
github.com/judwhite/go-svc v1.1.2 h1:wKroC8SKFs2EmtoS3XVmZinnRtGmu9qVrjubFp8talY=
github.com/judwhite/go-svc v1.1.2/go.mod h1:EeMSAFO3mLgEQfcvnZ50JDG0O1uQlagpAbMS6talrXE=
github.com/konsorten/go-windows-terminal-sequences v1.0.1/go.mod h1:T0+1ngSBFLxvqU3pZ+m/2kptfBszLMUkC4ZK/EgS/cQ=
github.com/pmezard/go-difflib v1.0.0/go.mod h1:iKH77koFhYxTK1pcRnkKkqfTogsbg7gZNVY4sRDYZ/4=
github.com/rcrowley/go-metrics v0.0.0-20181016184325-3113b8401b8a h1:9ZKAASQSHhDYGoxY8uLVpewe1GDZ2vu2Tr/vTdVAkFQ=
github.com/rcrowley/go-metrics v0.0.0-20181016184325-3113b8401b8a/go.mod h1:bCqnVzQkZxMG4s8nGwiZ5l3QUCyqpo9Y+/ZMZ9VjZe4=
github.com/sirupsen/logrus v1.3.0 h1:hI/7Q+DtNZ2kINb6qt/lS+IyXnHQe9e90POfeewL/ME=
github.com/sirupsen/logrus v1.3.0/go.mod h1:LxeOpSwHxABJmUn/MG1IvRgCAasNZTLOkJPxbbu5VWo=
github.com/stretchr/objx v0.1.1/go.mod h1:HFkY916IF+rwdDfMAkV7OtwuqBVzrE8GR6GFx+wExME=
github.com/stretchr/testify v1.2.2/go.mod h1:a8OnRcib4nhh0OaRAV+Yts87kKdq0PP7pXfy6kDkUVs=
github.com/tgo-team/tgo-core v0.0.0-20190324090919-f603f15856dd h1:zSLWQmhpiVam48l9bJSG1gHi7huh8rKLxA0lNBhqqXA=
github.com/tgo-team/tgo-core v0.0.0-20190324090919-f603f15856dd/go.mod h1:7rdvQBaiWm/9Zhiv9kgnSmeWHhP4t57y57cTvYgBsyE=
github.com/tgo-team/tgo-core v0.0.0-20190328095140-c345bdf0cdd8 h1:HYn+2mzW6sBPGCz/5c8crrDUSpa1j7b/pMUSbMk+D9U=
github.com/tgo-team/tgo-core v0.0.0-20190328095140-c345bdf0cdd8/go.mod h1:7rdvQBaiWm/9Zhiv9kgnSmeWHhP4t57y57cTvYgBsyE=
github.com/tgo-team/tgo-core v0.0.0-20190328140332-ba8ac3f76be6 h1:V0iE4lL13VyndwSJwGu9I1cYxJr0zTORYx5z/EO+CRM=
github.com/tgo-team/tgo-core v0.0.0-20190328140332-ba8ac3f76be6/go.mod h1:7rdvQBaiWm/9Zhiv9kgnSmeWHhP4t57y57cTvYgBsyE=
github.com/tgo-team/tgo-core v0.0.0-20190328144456-772789c48c4f h1:5H05ppvncCK8n5JIzDOr2Sy09FJOPu2UMPiEZKV2dYI=
github.com/tgo-team/tgo-core v0.0.0-20190328144456-772789c48c4f/go.mod h1:7rdvQBaiWm/9Zhiv9kgnSmeWHhP4t57y57cTvYgBsyE=
github.com/tgo-team/tgo-core v0.0.0-20190328145757-5357385d5665 h1:T9KdYUg9lblQDGquG315Ghy/P7qi713Nx9/MV0dKHm8=
github.com/tgo-team/tgo-core v0.0.0-20190328145757-5357385d5665/go.mod h1:7rdvQBaiWm/9Zhiv9kgnSmeWHhP4t57y57cTvYgBsyE=
github.com/tgo-team/tgo-core v0.0.0-20190329023807-0bc49f89580a h1:XIDFVUmiuJ+/6Vpp8kwlIhVwxBssYiJFz0iqcNn0ynE=
github.com/tgo-team/tgo-core v0.0.0-20190329023807-0bc49f89580a/go.mod h1:7rdvQBaiWm/9Zhiv9kgnSmeWHhP4t57y57cTvYgBsyE=
github.com/tgo-team/tgo-core v0.0.0-20190329031217-57a9fc706c87 h1:esBFa9U8vaMRlBkbMUvSICAQNoaCTfSdR6LFWNR92xI=
github.com/tgo-team/tgo-core v0.0.0-20190329031217-57a9fc706c87/go.mod h1:7rdvQBaiWm/9Zhiv9kgnSmeWHhP4t57y57cTvYgBsyE=
github.com/tgo-team/tgo-core v0.0.0-20190329040524-0d7301c509e1 h1:UHuHmeveeXmc8NLSuYYQ6dddjn7lgVD0O+bvQMd4hag=
github.com/tgo-team/tgo-core v0.0.0-20190329040524-0d7301c509e1/go.mod h1:7rdvQBaiWm/9Zhiv9kgnSmeWHhP4t57y57cTvYgBsyE=
github.com/tgo-team/tgo-core v0.0.0-20190329040818-d1076e2a2964 h1:7I2c3OeEVSU2UFkgnAgCjq1edQ9Bef5GqdXU/6gmh4g=
github.com/tgo-team/tgo-core v0.0.0-20190329040818-d1076e2a2964/go.mod h1:7rdvQBaiWm/9Zhiv9kgnSmeWHhP4t57y57cTvYgBsyE=
github.com/tgo-team/tgo-core v0.0.0-20190329041802-69232dcd8962 h1:/LIEB/yf8Zw5apRfXaDEf+i555rNmxD7NeuR5EiWga4=
github.com/tgo-team/tgo-core v0.0.0-20190329041802-69232dcd8962/go.mod h1:7rdvQBaiWm/9Zhiv9kgnSmeWHhP4t57y57cTvYgBsyE=
github.com/tgo-team/tgo-core v0.0.0-20190329042028-6d57a238cf5e h1:fMiF1npNZGsUULM9DIMh5YWfI9A7wH/ZxUuJpHfJoOU=
github.com/tgo-team/tgo-core v0.0.0-20190329042028-6d57a238cf5e/go.mod h1:7rdvQBaiWm/9Zhiv9kgnSmeWHhP4t57y57cTvYgBsyE=
github.com/tgo-team/tgo-core v0.0.0-20190329042122-c019787651b9 h1:cCu6WD8u1Kq/J5t3bwokaZoNC5ViJKkD11N0ridwnes=
github.com/tgo-team/tgo-core v0.0.0-20190329042122-c019787651b9/go.mod h1:7rdvQBaiWm/9Zhiv9kgnSmeWHhP4t57y57cTvYgBsyE=
github.com/tgo-team/tgo-core v0.0.0-20190330012127-82f4339ae82f h1:kiBx4xTOybKj86f2TDJk1HYGghSr3/7cOXrwt89Lm/0=
github.com/tgo-team/tgo-core v0.0.0-20190330012127-82f4339ae82f/go.mod h1:5RHCeSyTpKL/e6MP4G4feq7v+YwurJ6tj46LVbliNxg=
github.com/tgo-team/tgo-core v0.0.0-20190330025632-0266b8ed3f97 h1:YnDFzrT9MwmNZK7cX/6YOeNysN1SZaOLzV6Mbvn/GIo=
github.com/tgo-team/tgo-core v0.0.0-20190330025632-0266b8ed3f97/go.mod h1:5RHCeSyTpKL/e6MP4G4feq7v+YwurJ6tj46LVbliNxg=
github.com/tgo-team/tgo-core v0.0.0-20190330140247-4cb9a3f941c3 h1:V+W+7zStHPT22c1rRSEXlE2UImgUw2JIjtEVdZSszJQ=
github.com/tgo-team/tgo-core v0.0.0-20190330140247-4cb9a3f941c3/go.mod h1:5RHCeSyTpKL/e6MP4G4feq7v+YwurJ6tj46LVbliNxg=
github.com/tgo-team/tgo-core v0.0.0-20190331031455-7478580bb616 h1:QtZW96eCDyFysAYNNSKRUxEoLb1EQO4c5K/1mR6coGI=
github.com/tgo-team/tgo-core v0.0.0-20190331031455-7478580bb616/go.mod h1:5RHCeSyTpKL/e6MP4G4feq7v+YwurJ6tj46LVbliNxg=
github.com/tgo-team/tgo-core v0.0.0-20190331034000-562df8649665 h1:jRISMKkzPrWaO9/a6If86+hJfB+xIvDry9Q4qrRulKI=
github.com/tgo-team/tgo-core v0.0.0-20190331034000-562df8649665/go.mod h1:5RHCeSyTpKL/e6MP4G4feq7v+YwurJ6tj46LVbliNxg=
github.com/tgo-team/tgo-core v0.0.0-20190331061940-5169c27724ec h1:S33DTup7ANxft0mFdjnu2NFTuZOQLpuclBC/Q1jJ3KY=
github.com/tgo-team/tgo-core v0.0.0-20190331061940-5169c27724ec/go.mod h1:5RHCeSyTpKL/e6MP4G4feq7v+YwurJ6tj46LVbliNxg=
github.com/tgo-team/tgo-core v0.0.0-20190331065931-705e24442b66 h1:6VzsdniCAqdmoazZEzcqXlK7C4MKGbjvjFds1HspivI=
github.com/tgo-team/tgo-core v0.0.0-20190331065931-705e24442b66/go.mod h1:5RHCeSyTpKL/e6MP4G4feq7v+YwurJ6tj46LVbliNxg=
github.com/tgo-team/tgo-core v0.0.0-20190331075353-07c6859828ab h1:4Wncg32u9GyTQBMUKs86kELN7Gi7Lf/KR4EfMQYG9mk=
github.com/tgo-team/tgo-core v0.0.0-20190331075353-07c6859828ab/go.mod h1:5RHCeSyTpKL/e6MP4G4feq7v+YwurJ6tj46LVbliNxg=
github.com/tgo-team/tgo-core v0.0.0-20190403082010-af79b64c1753 h1:BFvFg45Oc7q0j3O8GGR3B4Yn4kB/wippO1cmfBgDsdg=
github.com/tgo-team/tgo-core v0.0.0-20190403082010-af79b64c1753/go.mod h1:5RHCeSyTpKL/e6MP4G4feq7v+YwurJ6tj46LVbliNxg=
github.com/tgo-team/tgo-core v0.0.0-20190403092855-2784299ee6b9 h1:VZfPXd3lzwjpwdzqXQu6lnSykuvHMDtUAqDgaWOisck=
github.com/tgo-team/tgo-core v0.0.0-20190403092855-2784299ee6b9/go.mod h1:5RHCeSyTpKL/e6MP4G4feq7v+YwurJ6tj46LVbliNxg=
github.com/tgo-team/tgo-core v0.0.0-20190403093118-94de6d961485 h1:F+pi6894kBjYS8Q2aUyRK9qxull2nX4pZ/CqZ2thEzs=
github.com/tgo-team/tgo-core v0.0.0-20190403093118-94de6d961485/go.mod h1:5RHCeSyTpKL/e6MP4G4feq7v+YwurJ6tj46LVbliNxg=
github.com/zheng-ji/goCuckoo v0.0.0-20160727030056-090e82d0856a h1:vbbZUQEaCjhs21jjoh/6tf4s7VYLX/Rq7xIdUmlYA7s=
github.com/zheng-ji/goCuckoo v0.0.0-20160727030056-090e82d0856a/go.mod h1:O+qnf7AeskhN3L600EzVdWZunZy90GlmZ0up072WHaA=
golang.org/x/crypto v0.0.0-20180904163835-0709b304e793 h1:u+LnwYTOOW7Ukr/fppxEb1Nwz0AtPflrblfvUudpo+I=
golang.org/x/crypto v0.0.0-20180904163835-0709b304e793/go.mod h1:6SG95UA2DQfeDnfUPMdvaQW0Q7yPrPDi9nlGo2tz2b4=
golang.org/x/sys v0.0.0-20180905080454-ebe1bf3edb33 h1:I6FyU15t786LL7oL/hn43zqTuEGr4PN7F4XJ1p4E3Y8=
golang.org/x/sys v0.0.0-20180905080454-ebe1bf3edb33/go.mod h1:STP8DvDyc/dI5b8T5hshtkjS+E42TnysNCUPdjciGhY=
